
Microsoft Visual Studio Solution File, Format Version 12.00
# Visual Studio 15
VisualStudioVersion = 15.0.28307.1525
MinimumVisualStudioVersion = 10.0.40219.1
Project("{FAE04EC0-301F-11D3-BF4B-00C04F79EFBC}") = "WebApplication2", "WebApplication2\WebApplication2.csproj", "{A8E14D09-23E5-4B3E-B924-B901747440FA}"
EndProject
Global
	GlobalSection(SolutionConfigurationPlatforms) = preSolution
		Debug|Any CPU = Debug|Any CPU
		Release|Any CPU = Release|Any CPU
	EndGlobalSection
	GlobalSection(ProjectConfigurationPlatforms) = postSolution
		{A8E14D09-23E5-4B3E-B924-B901747440FA}.Debug|Any CPU.ActiveCfg = Debug|Any CPU
		{A8E14D09-23E5-4B3E-B924-B901747440FA}.Debug|Any CPU.Build.0 = Debug|Any CPU
		{A8E14D09-23E5-4B3E-B924-B901747440FA}.Release|Any CPU.ActiveCfg = Release|Any CPU
		{A8E14D09-23E5-4B3E-B924-B901747440FA}.Release|Any CPU.Build.0 = Release|Any CPU
	EndGlobalSection
	GlobalSection(SolutionProperties) = preSolution
		HideSolutionNode = FALSE
	EndGlobalSection
	GlobalSection(ExtensibilityGlobals) = postSolution
		SolutionGuid = {E397C8C3-541A-4C86-B470-43F3BDE495B6}
	EndGlobalSection
EndGlobal
