
Microsoft Visual Studio Solution File, Format Version 12.00
# Visual Studio Version 16
VisualStudioVersion = 16.0.31410.357
MinimumVisualStudioVersion = 10.0.40219.1
Project("{FAE04EC0-301F-11D3-BF4B-00C04F79EFBC}") = "assignment-wad", "assignment-wad\assignment-wad.csproj", "{DD1792EE-567E-4B80-B49C-92EEB3D07EA5}"
EndProject
Global
	GlobalSection(SolutionConfigurationPlatforms) = preSolution
		Debug|Any CPU = Debug|Any CPU
		Release|Any CPU = Release|Any CPU
	EndGlobalSection
	GlobalSection(ProjectConfigurationPlatforms) = postSolution
		{DD1792EE-567E-4B80-B49C-92EEB3D07EA5}.Debug|Any CPU.ActiveCfg = Debug|Any CPU
		{DD1792EE-567E-4B80-B49C-92EEB3D07EA5}.Debug|Any CPU.Build.0 = Debug|Any CPU
		{DD1792EE-567E-4B80-B49C-92EEB3D07EA5}.Release|Any CPU.ActiveCfg = Release|Any CPU
		{DD1792EE-567E-4B80-B49C-92EEB3D07EA5}.Release|Any CPU.Build.0 = Release|Any CPU
	EndGlobalSection
	GlobalSection(SolutionProperties) = preSolution
		HideSolutionNode = FALSE
	EndGlobalSection
	GlobalSection(ExtensibilityGlobals) = postSolution
		SolutionGuid = {45B7E729-0B79-4B97-8101-03185CFAB6D1}
	EndGlobalSection
EndGlobal
